
Microsoft Visual Studio Solution File, Format Version 12.00
# Visual Studio 15
VisualStudioVersion = 15.0.26124.0
MinimumVisualStudioVersion = 15.0.26124.0
Project("{FAE04EC0-301F-11D3-BF4B-00C04F79EFBC}") = "App.src", "App.src\App.src.csproj", "{4E993C86-2D72-493B-BDDD-A2FF186E6D51}"
EndProject
Project("{FAE04EC0-301F-11D3-BF4B-00C04F79EFBC}") = "App.test", "App.test\App.test.csproj", "{84334207-1637-469D-A5E4-CAB35311F84F}"
EndProject
Project("{FAE04EC0-301F-11D3-BF4B-00C04F79EFBC}") = "testar", "testar\testar.csproj", "{50B17DE9-BB64-45E2-B6AA-C4E362B68197}"
EndProject
Global
	GlobalSection(SolutionConfigurationPlatforms) = preSolution
		Debug|Any CPU = Debug|Any CPU
		Debug|x64 = Debug|x64
		Debug|x86 = Debug|x86
		Release|Any CPU = Release|Any CPU
		Release|x64 = Release|x64
		Release|x86 = Release|x86
	EndGlobalSection
	GlobalSection(SolutionProperties) = preSolution
		HideSolutionNode = FALSE
	EndGlobalSection
	GlobalSection(ProjectConfigurationPlatforms) = postSolution
		{4E993C86-2D72-493B-BDDD-A2FF186E6D51}.Debug|Any CPU.ActiveCfg = Debug|Any CPU
		{4E993C86-2D72-493B-BDDD-A2FF186E6D51}.Debug|Any CPU.Build.0 = Debug|Any CPU
		{4E993C86-2D72-493B-BDDD-A2FF186E6D51}.Debug|x64.ActiveCfg = Debug|Any CPU
		{4E993C86-2D72-493B-BDDD-A2FF186E6D51}.Debug|x64.Build.0 = Debug|Any CPU
		{4E993C86-2D72-493B-BDDD-A2FF186E6D51}.Debug|x86.ActiveCfg = Debug|Any CPU
		{4E993C86-2D72-493B-BDDD-A2FF186E6D51}.Debug|x86.Build.0 = Debug|Any CPU
		{4E993C86-2D72-493B-BDDD-A2FF186E6D51}.Release|Any CPU.ActiveCfg = Release|Any CPU
		{4E993C86-2D72-493B-BDDD-A2FF186E6D51}.Release|Any CPU.Build.0 = Release|Any CPU
		{4E993C86-2D72-493B-BDDD-A2FF186E6D51}.Release|x64.ActiveCfg = Release|Any CPU
		{4E993C86-2D72-493B-BDDD-A2FF186E6D51}.Release|x64.Build.0 = Release|Any CPU
		{4E993C86-2D72-493B-BDDD-A2FF186E6D51}.Release|x86.ActiveCfg = Release|Any CPU
		{4E993C86-2D72-493B-BDDD-A2FF186E6D51}.Release|x86.Build.0 = Release|Any CPU
		{84334207-1637-469D-A5E4-CAB35311F84F}.Debug|Any CPU.ActiveCfg = Debug|Any CPU
		{84334207-1637-469D-A5E4-CAB35311F84F}.Debug|Any CPU.Build.0 = Debug|Any CPU
		{84334207-1637-469D-A5E4-CAB35311F84F}.Debug|x64.ActiveCfg = Debug|Any CPU
		{84334207-1637-469D-A5E4-CAB35311F84F}.Debug|x64.Build.0 = Debug|Any CPU
		{84334207-1637-469D-A5E4-CAB35311F84F}.Debug|x86.ActiveCfg = Debug|Any CPU
		{84334207-1637-469D-A5E4-CAB35311F84F}.Debug|x86.Build.0 = Debug|Any CPU
		{84334207-1637-469D-A5E4-CAB35311F84F}.Release|Any CPU.ActiveCfg = Release|Any CPU
		{84334207-1637-469D-A5E4-CAB35311F84F}.Release|Any CPU.Build.0 = Release|Any CPU
		{84334207-1637-469D-A5E4-CAB35311F84F}.Release|x64.ActiveCfg = Release|Any CPU
		{84334207-1637-469D-A5E4-CAB35311F84F}.Release|x64.Build.0 = Release|Any CPU
		{84334207-1637-469D-A5E4-CAB35311F84F}.Release|x86.ActiveCfg = Release|Any CPU
		{84334207-1637-469D-A5E4-CAB35311F84F}.Release|x86.Build.0 = Release|Any CPU
		{50B17DE9-BB64-45E2-B6AA-C4E362B68197}.Debug|Any CPU.ActiveCfg = Debug|Any CPU
		{50B17DE9-BB64-45E2-B6AA-C4E362B68197}.Debug|Any CPU.Build.0 = Debug|Any CPU
		{50B17DE9-BB64-45E2-B6AA-C4E362B68197}.Debug|x64.ActiveCfg = Debug|Any CPU
		{50B17DE9-BB64-45E2-B6AA-C4E362B68197}.Debug|x64.Build.0 = Debug|Any CPU
		{50B17DE9-BB64-45E2-B6AA-C4E362B68197}.Debug|x86.ActiveCfg = Debug|Any CPU
		{50B17DE9-BB64-45E2-B6AA-C4E362B68197}.Debug|x86.Build.0 = Debug|Any CPU
		{50B17DE9-BB64-45E2-B6AA-C4E362B68197}.Release|Any CPU.ActiveCfg = Release|Any CPU
		{50B17DE9-BB64-45E2-B6AA-C4E362B68197}.Release|Any CPU.Build.0 = Release|Any CPU
		{50B17DE9-BB64-45E2-B6AA-C4E362B68197}.Release|x64.ActiveCfg = Release|Any CPU
		{50B17DE9-BB64-45E2-B6AA-C4E362B68197}.Release|x64.Build.0 = Release|Any CPU
		{50B17DE9-BB64-45E2-B6AA-C4E362B68197}.Release|x86.ActiveCfg = Release|Any CPU
		{50B17DE9-BB64-45E2-B6AA-C4E362B68197}.Release|x86.Build.0 = Release|Any CPU
	EndGlobalSection
EndGlobal
